
Microsoft Visual Studio Solution File, Format Version 12.00
# Visual Studio Version 16
VisualStudioVersion = 16.0.31410.357
MinimumVisualStudioVersion = 10.0.40219.1
Project("{FAE04EC0-301F-11D3-BF4B-00C04F79EFBC}") = "EMUROBOT", "EMUROBOT.csproj", "{85433FCD-7C97-4001-8E0C-D4887E8E2786}"
EndProject
Project("{FAE04EC0-301F-11D3-BF4B-00C04F79EFBC}") = "UILib", "UI\UILib.csproj", "{8032CDFE-689C-4CBE-937F-DEC9D56DC89E}"
EndProject
Project("{FAE04EC0-301F-11D3-BF4B-00C04F79EFBC}") = "Update", "Update\Update.csproj", "{6846A9D3-07A7-4B19-B706-F5EB382FF4F5}"
EndProject
Project("{FAE04EC0-301F-11D3-BF4B-00C04F79EFBC}") = "UpdateServer", "UpdateServer\UpdateServer.csproj", "{98AF314D-A45D-4F5B-A860-7347612D0F73}"
EndProject
Project("{FAE04EC0-301F-11D3-BF4B-00C04F79EFBC}") = "UpdateService", "UpdateService\UpdateService.csproj", "{F3B8434F-D634-4BE4-818F-9D2036C5BA03}"
EndProject
Project("{FAE04EC0-301F-11D3-BF4B-00C04F79EFBC}") = "SkinLib", "SkinLib\SkinLib.csproj", "{5D1F95D9-B6A4-4F15-827B-6F5EE6670CDA}"
EndProject
Project("{2150E333-8FDC-42A3-9474-1A3956D46DE8}") = "升级相关", "升级相关", "{0D2AC66C-2C80-433A-8DCB-BA7F8FF2EFC1}"
EndProject
Project("{2150E333-8FDC-42A3-9474-1A3956D46DE8}") = "皮肤", "皮肤", "{A0215CCD-AB88-438D-B2EA-29865E859614}"
EndProject
Project("{FAE04EC0-301F-11D3-BF4B-00C04F79EFBC}") = "InterfaceLib", "InterfaceLib\InterfaceLib.csproj", "{D99D672A-AC05-4934-9125-E1F22E518EE6}"
EndProject
Project("{FAE04EC0-301F-11D3-BF4B-00C04F79EFBC}") = "ParameterLib", "ParameteLib\ParameterLib.csproj", "{D81DBC99-8345-4C67-A430-3F63336CE860}"
EndProject
Project("{FAE04EC0-301F-11D3-BF4B-00C04F79EFBC}") = "UtilLib", "UtilLib\UtilLib.csproj", "{E1540D9D-848C-482E-9F7B-439D06BA577D}"
EndProject
Project("{FAE04EC0-301F-11D3-BF4B-00C04F79EFBC}") = "RgvLib", "RgvLib\RgvLib.csproj", "{8AF784E3-A2AB-4E4A-B21E-587115E8B1F2}"
EndProject
Project("{2150E333-8FDC-42A3-9474-1A3956D46DE8}") = "底层驱动", "底层驱动", "{79055E80-95B5-4551-958D-FF9967C9220F}"
EndProject
Project("{FAE04EC0-301F-11D3-BF4B-00C04F79EFBC}") = "RobotLib", "RobotLib\RobotLib.csproj", "{1A4B9793-5E8E-4C30-9130-FC2813509E5C}"
EndProject
Project("{FAE04EC0-301F-11D3-BF4B-00C04F79EFBC}") = "BaslerLib", "BaslerLib\BaslerLib.csproj", "{72378425-C9DC-47B1-B326-7CB59391DEE6}"
EndProject
Project("{FAE04EC0-301F-11D3-BF4B-00C04F79EFBC}") = "CognexLib", "CognexLib\CognexLib.csproj", "{4CB43746-BDE8-4E4D-852E-2DCF5BE191A8}"
EndProject
Project("{FAE04EC0-301F-11D3-BF4B-00C04F79EFBC}") = "HikLib", "HikLib\HikLib.csproj", "{EA30DBF6-D814-467D-8899-B80236628665}"
EndProject
Project("{FAE04EC0-301F-11D3-BF4B-00C04F79EFBC}") = "LightLib", "LightLib\LightLib.csproj", "{836CB2B4-C2B9-41CD-8DC3-EF9B4F01BEF6}"
EndProject
Project("{FAE04EC0-301F-11D3-BF4B-00C04F79EFBC}") = "LaserLib", "LaserLib\LaserLib.csproj", "{01E9E105-97C1-4D12-8F6E-17EC415C8C0F}"
EndProject
Project("{FAE04EC0-301F-11D3-BF4B-00C04F79EFBC}") = "BusinessLib", "BusinessLib\BusinessLib.csproj", "{2AA8A877-31E0-4675-B016-D77246F2ADBD}"
EndProject
Project("{FAE04EC0-301F-11D3-BF4B-00C04F79EFBC}") = "ImageTransmissionLib", "ImageTransmissionLib\ImageTransmissionLib.csproj", "{2AA17FDE-E527-4578-8400-7463AC929208}"
EndProject
Project("{FAE04EC0-301F-11D3-BF4B-00C04F79EFBC}") = "ApplicationDataLib", "ApplicationDataLib\ApplicationDataLib.csproj", "{4E7B058E-6AA9-4E63-AEFC-B8BC5C1C3A24}"
EndProject
Project("{FAE04EC0-301F-11D3-BF4B-00C04F79EFBC}") = "BusinessManagerLib", "BusinessManagerLib\BusinessManagerLib.csproj", "{5080A03B-61BB-4519-A18A-984FE20A0C62}"
EndProject
Project("{FAE04EC0-301F-11D3-BF4B-00C04F79EFBC}") = "LogLib", "LogLib\LogLib.csproj", "{70ECF1FA-B676-4203-9D17-EF2559A7FD95}"
EndProject
Project("{FAE04EC0-301F-11D3-BF4B-00C04F79EFBC}") = "EMUProject", "EMUProject\EMUProject.csproj", "{01716CE0-1F3F-4193-8DAE-46C1AB3DB024}"
EndProject
Project("{FAE04EC0-301F-11D3-BF4B-00C04F79EFBC}") = "UploadImageServer", "UploadImageServer\UploadImageServer.csproj", "{D3D4D5AB-5542-4246-822F-36BFCC2BE71A}"
EndProject
Project("{FAE04EC0-301F-11D3-BF4B-00C04F79EFBC}") = "AlgorithmLib", "AlgorithmLib\AlgorithmLib.csproj", "{ED808460-411B-477B-8202-61B4DC31A104}"
EndProject
Project("{2150E333-8FDC-42A3-9474-1A3956D46DE8}") = "角色权限", "角色权限", "{CDE55C93-AAC8-4D9E-B5DE-E4E0A416E402}"
EndProject
Project("{FAE04EC0-301F-11D3-BF4B-00C04F79EFBC}") = "RolePermissions", "RolePermissions\RolePermissions.csproj", "{F0C69513-553D-47D1-8440-C76CFCDC8FC6}"
EndProject
Project("{FAE04EC0-301F-11D3-BF4B-00C04F79EFBC}") = "AStarAlgorithm", "AStarAlgorithm\AStarAlgorithm.csproj", "{9DA45E22-9800-4DC3-9849-D17E430B8BF3}"
EndProject
Project("{FAE04EC0-301F-11D3-BF4B-00C04F79EFBC}") = "MapLib", "MapLib\MapLib.csproj", "{8997C196-BC5E-4D8C-9460-29FEE410FB8C}"
EndProject
Project("{FAE04EC0-301F-11D3-BF4B-00C04F79EFBC}") = "EMU.MVC", "EMU.MVC\EMU.MVC.csproj", "{6DA202C1-5A96-4816-93B5-BD36F04E5C0D}"
EndProject
Project("{FAE04EC0-301F-11D3-BF4B-00C04F79EFBC}") = "AlgorithmControl", "AlgorithmControl\AlgorithmControl.csproj", "{662ADE97-2F73-4939-8CDE-57908C58F6A8}"
EndProject
Project("{2150E333-8FDC-42A3-9474-1A3956D46DE8}") = "RGV上位机", "RGV上位机", "{27A587A5-DF14-4DDB-BFA2-BC0308F7F6C7}"
EndProject
Project("{2150E333-8FDC-42A3-9474-1A3956D46DE8}") = "AGV相关", "AGV相关", "{D8875C4C-89E6-4001-A3A2-29CB5943EDB1}"
EndProject
Global
	GlobalSection(SolutionConfigurationPlatforms) = preSolution
		Debug|Any CPU = Debug|Any CPU
		Debug|x64 = Debug|x64
		Debug|x86 = Debug|x86
		Release|Any CPU = Release|Any CPU
		Release|x64 = Release|x64
		Release|x86 = Release|x86
	EndGlobalSection
	GlobalSection(ProjectConfigurationPlatforms) = postSolution
		{85433FCD-7C97-4001-8E0C-D4887E8E2786}.Debug|Any CPU.ActiveCfg = Debug|Any CPU
		{85433FCD-7C97-4001-8E0C-D4887E8E2786}.Debug|Any CPU.Build.0 = Debug|Any CPU
		{85433FCD-7C97-4001-8E0C-D4887E8E2786}.Debug|x64.ActiveCfg = Debug|x64
		{85433FCD-7C97-4001-8E0C-D4887E8E2786}.Debug|x64.Build.0 = Debug|x64
		{85433FCD-7C97-4001-8E0C-D4887E8E2786}.Debug|x86.ActiveCfg = Debug|Any CPU
		{85433FCD-7C97-4001-8E0C-D4887E8E2786}.Debug|x86.Build.0 = Debug|Any CPU
		{85433FCD-7C97-4001-8E0C-D4887E8E2786}.Release|Any CPU.ActiveCfg = Release|Any CPU
		{85433FCD-7C97-4001-8E0C-D4887E8E2786}.Release|Any CPU.Build.0 = Release|Any CPU
		{85433FCD-7C97-4001-8E0C-D4887E8E2786}.Release|x64.ActiveCfg = Release|x64
		{85433FCD-7C97-4001-8E0C-D4887E8E2786}.Release|x64.Build.0 = Release|x64
		{85433FCD-7C97-4001-8E0C-D4887E8E2786}.Release|x86.ActiveCfg = Release|Any CPU
		{85433FCD-7C97-4001-8E0C-D4887E8E2786}.Release|x86.Build.0 = Release|Any CPU
		{8032CDFE-689C-4CBE-937F-DEC9D56DC89E}.Debug|Any CPU.ActiveCfg = Debug|Any CPU
		{8032CDFE-689C-4CBE-937F-DEC9D56DC89E}.Debug|Any CPU.Build.0 = Debug|Any CPU
		{8032CDFE-689C-4CBE-937F-DEC9D56DC89E}.Debug|x64.ActiveCfg = Debug|x64
		{8032CDFE-689C-4CBE-937F-DEC9D56DC89E}.Debug|x64.Build.0 = Debug|x64
		{8032CDFE-689C-4CBE-937F-DEC9D56DC89E}.Debug|x86.ActiveCfg = Debug|Any CPU
		{8032CDFE-689C-4CBE-937F-DEC9D56DC89E}.Debug|x86.Build.0 = Debug|Any CPU
		{8032CDFE-689C-4CBE-937F-DEC9D56DC89E}.Release|Any CPU.ActiveCfg = Release|Any CPU
		{8032CDFE-689C-4CBE-937F-DEC9D56DC89E}.Release|Any CPU.Build.0 = Release|Any CPU
		{8032CDFE-689C-4CBE-937F-DEC9D56DC89E}.Release|x64.ActiveCfg = Release|x64
		{8032CDFE-689C-4CBE-937F-DEC9D56DC89E}.Release|x64.Build.0 = Release|x64
		{8032CDFE-689C-4CBE-937F-DEC9D56DC89E}.Release|x86.ActiveCfg = Release|Any CPU
		{8032CDFE-689C-4CBE-937F-DEC9D56DC89E}.Release|x86.Build.0 = Release|Any CPU
		{6846A9D3-07A7-4B19-B706-F5EB382FF4F5}.Debug|Any CPU.ActiveCfg = Debug|Any CPU
		{6846A9D3-07A7-4B19-B706-F5EB382FF4F5}.Debug|Any CPU.Build.0 = Debug|Any CPU
		{6846A9D3-07A7-4B19-B706-F5EB382FF4F5}.Debug|x64.ActiveCfg = Debug|x64
		{6846A9D3-07A7-4B19-B706-F5EB382FF4F5}.Debug|x64.Build.0 = Debug|x64
		{6846A9D3-07A7-4B19-B706-F5EB382FF4F5}.Debug|x86.ActiveCfg = Debug|Any CPU
		{6846A9D3-07A7-4B19-B706-F5EB382FF4F5}.Debug|x86.Build.0 = Debug|Any CPU
		{6846A9D3-07A7-4B19-B706-F5EB382FF4F5}.Release|Any CPU.ActiveCfg = Release|Any CPU
		{6846A9D3-07A7-4B19-B706-F5EB382FF4F5}.Release|Any CPU.Build.0 = Release|Any CPU
		{6846A9D3-07A7-4B19-B706-F5EB382FF4F5}.Release|x64.ActiveCfg = Release|x64
		{6846A9D3-07A7-4B19-B706-F5EB382FF4F5}.Release|x64.Build.0 = Release|x64
		{6846A9D3-07A7-4B19-B706-F5EB382FF4F5}.Release|x86.ActiveCfg = Release|Any CPU
		{6846A9D3-07A7-4B19-B706-F5EB382FF4F5}.Release|x86.Build.0 = Release|Any CPU
		{98AF314D-A45D-4F5B-A860-7347612D0F73}.Debug|Any CPU.ActiveCfg = Debug|Any CPU
		{98AF314D-A45D-4F5B-A860-7347612D0F73}.Debug|Any CPU.Build.0 = Debug|Any CPU
		{98AF314D-A45D-4F5B-A860-7347612D0F73}.Debug|x64.ActiveCfg = Debug|x64
		{98AF314D-A45D-4F5B-A860-7347612D0F73}.Debug|x64.Build.0 = Debug|x64
		{98AF314D-A45D-4F5B-A860-7347612D0F73}.Debug|x86.ActiveCfg = Debug|Any CPU
		{98AF314D-A45D-4F5B-A860-7347612D0F73}.Debug|x86.Build.0 = Debug|Any CPU
		{98AF314D-A45D-4F5B-A860-7347612D0F73}.Release|Any CPU.ActiveCfg = Release|Any CPU
		{98AF314D-A45D-4F5B-A860-7347612D0F73}.Release|Any CPU.Build.0 = Release|Any CPU
		{98AF314D-A45D-4F5B-A860-7347612D0F73}.Release|x64.ActiveCfg = Release|x64
		{98AF314D-A45D-4F5B-A860-7347612D0F73}.Release|x64.Build.0 = Release|x64
		{98AF314D-A45D-4F5B-A860-7347612D0F73}.Release|x86.ActiveCfg = Release|Any CPU
		{98AF314D-A45D-4F5B-A860-7347612D0F73}.Release|x86.Build.0 = Release|Any CPU
		{F3B8434F-D634-4BE4-818F-9D2036C5BA03}.Debug|Any CPU.ActiveCfg = Debug|Any CPU
		{F3B8434F-D634-4BE4-818F-9D2036C5BA03}.Debug|Any CPU.Build.0 = Debug|Any CPU
		{F3B8434F-D634-4BE4-818F-9D2036C5BA03}.Debug|x64.ActiveCfg = Debug|x64
		{F3B8434F-D634-4BE4-818F-9D2036C5BA03}.Debug|x64.Build.0 = Debug|x64
		{F3B8434F-D634-4BE4-818F-9D2036C5BA03}.Debug|x86.ActiveCfg = Debug|Any CPU
		{F3B8434F-D634-4BE4-818F-9D2036C5BA03}.Debug|x86.Build.0 = Debug|Any CPU
		{F3B8434F-D634-4BE4-818F-9D2036C5BA03}.Release|Any CPU.ActiveCfg = Release|Any CPU
		{F3B8434F-D634-4BE4-818F-9D2036C5BA03}.Release|Any CPU.Build.0 = Release|Any CPU
		{F3B8434F-D634-4BE4-818F-9D2036C5BA03}.Release|x64.ActiveCfg = Release|x64
		{F3B8434F-D634-4BE4-818F-9D2036C5BA03}.Release|x64.Build.0 = Release|x64
		{F3B8434F-D634-4BE4-818F-9D2036C5BA03}.Release|x86.ActiveCfg = Release|Any CPU
		{F3B8434F-D634-4BE4-818F-9D2036C5BA03}.Release|x86.Build.0 = Release|Any CPU
		{5D1F95D9-B6A4-4F15-827B-6F5EE6670CDA}.Debug|Any CPU.ActiveCfg = Debug|Any CPU
		{5D1F95D9-B6A4-4F15-827B-6F5EE6670CDA}.Debug|Any CPU.Build.0 = Debug|Any CPU
		{5D1F95D9-B6A4-4F15-827B-6F5EE6670CDA}.Debug|x64.ActiveCfg = Debug|x64
		{5D1F95D9-B6A4-4F15-827B-6F5EE6670CDA}.Debug|x64.Build.0 = Debug|x64
		{5D1F95D9-B6A4-4F15-827B-6F5EE6670CDA}.Debug|x86.ActiveCfg = Debug|Any CPU
		{5D1F95D9-B6A4-4F15-827B-6F5EE6670CDA}.Debug|x86.Build.0 = Debug|Any CPU
		{5D1F95D9-B6A4-4F15-827B-6F5EE6670CDA}.Release|Any CPU.ActiveCfg = Release|Any CPU
		{5D1F95D9-B6A4-4F15-827B-6F5EE6670CDA}.Release|Any CPU.Build.0 = Release|Any CPU
		{5D1F95D9-B6A4-4F15-827B-6F5EE6670CDA}.Release|x64.ActiveCfg = Release|x64
		{5D1F95D9-B6A4-4F15-827B-6F5EE6670CDA}.Release|x64.Build.0 = Release|x64
		{5D1F95D9-B6A4-4F15-827B-6F5EE6670CDA}.Release|x86.ActiveCfg = Release|Any CPU
		{5D1F95D9-B6A4-4F15-827B-6F5EE6670CDA}.Release|x86.Build.0 = Release|Any CPU
		{D99D672A-AC05-4934-9125-E1F22E518EE6}.Debug|Any CPU.ActiveCfg = Debug|Any CPU
		{D99D672A-AC05-4934-9125-E1F22E518EE6}.Debug|Any CPU.Build.0 = Debug|Any CPU
		{D99D672A-AC05-4934-9125-E1F22E518EE6}.Debug|x64.ActiveCfg = Debug|x64
		{D99D672A-AC05-4934-9125-E1F22E518EE6}.Debug|x64.Build.0 = Debug|x64
		{D99D672A-AC05-4934-9125-E1F22E518EE6}.Debug|x86.ActiveCfg = Debug|Any CPU
		{D99D672A-AC05-4934-9125-E1F22E518EE6}.Debug|x86.Build.0 = Debug|Any CPU
		{D99D672A-AC05-4934-9125-E1F22E518EE6}.Release|Any CPU.ActiveCfg = Release|Any CPU
		{D99D672A-AC05-4934-9125-E1F22E518EE6}.Release|Any CPU.Build.0 = Release|Any CPU
		{D99D672A-AC05-4934-9125-E1F22E518EE6}.Release|x64.ActiveCfg = Release|x64
		{D99D672A-AC05-4934-9125-E1F22E518EE6}.Release|x64.Build.0 = Release|x64
		{D99D672A-AC05-4934-9125-E1F22E518EE6}.Release|x86.ActiveCfg = Release|Any CPU
		{D99D672A-AC05-4934-9125-E1F22E518EE6}.Release|x86.Build.0 = Release|Any CPU
		{D81DBC99-8345-4C67-A430-3F63336CE860}.Debug|Any CPU.ActiveCfg = Debug|Any CPU
		{D81DBC99-8345-4C67-A430-3F63336CE860}.Debug|Any CPU.Build.0 = Debug|Any CPU
		{D81DBC99-8345-4C67-A430-3F63336CE860}.Debug|x64.ActiveCfg = Debug|x64
		{D81DBC99-8345-4C67-A430-3F63336CE860}.Debug|x64.Build.0 = Debug|x64
		{D81DBC99-8345-4C67-A430-3F63336CE860}.Debug|x86.ActiveCfg = Debug|Any CPU
		{D81DBC99-8345-4C67-A430-3F63336CE860}.Debug|x86.Build.0 = Debug|Any CPU
		{D81DBC99-8345-4C67-A430-3F63336CE860}.Release|Any CPU.ActiveCfg = Release|Any CPU
		{D81DBC99-8345-4C67-A430-3F63336CE860}.Release|Any CPU.Build.0 = Release|Any CPU
		{D81DBC99-8345-4C67-A430-3F63336CE860}.Release|x64.ActiveCfg = Release|x64
		{D81DBC99-8345-4C67-A430-3F63336CE860}.Release|x64.Build.0 = Release|x64
		{D81DBC99-8345-4C67-A430-3F63336CE860}.Release|x86.ActiveCfg = Release|Any CPU
		{D81DBC99-8345-4C67-A430-3F63336CE860}.Release|x86.Build.0 = Release|Any CPU
		{E1540D9D-848C-482E-9F7B-439D06BA577D}.Debug|Any CPU.ActiveCfg = Debug|Any CPU
		{E1540D9D-848C-482E-9F7B-439D06BA577D}.Debug|Any CPU.Build.0 = Debug|Any CPU
		{E1540D9D-848C-482E-9F7B-439D06BA577D}.Debug|x64.ActiveCfg = Debug|x64
		{E1540D9D-848C-482E-9F7B-439D06BA577D}.Debug|x64.Build.0 = Debug|x64
		{E1540D9D-848C-482E-9F7B-439D06BA577D}.Debug|x86.ActiveCfg = Debug|Any CPU
		{E1540D9D-848C-482E-9F7B-439D06BA577D}.Debug|x86.Build.0 = Debug|Any CPU
		{E1540D9D-848C-482E-9F7B-439D06BA577D}.Release|Any CPU.ActiveCfg = Release|Any CPU
		{E1540D9D-848C-482E-9F7B-439D06BA577D}.Release|Any CPU.Build.0 = Release|Any CPU
		{E1540D9D-848C-482E-9F7B-439D06BA577D}.Release|x64.ActiveCfg = Release|x64
		{E1540D9D-848C-482E-9F7B-439D06BA577D}.Release|x64.Build.0 = Release|x64
		{E1540D9D-848C-482E-9F7B-439D06BA577D}.Release|x86.ActiveCfg = Release|Any CPU
		{E1540D9D-848C-482E-9F7B-439D06BA577D}.Release|x86.Build.0 = Release|Any CPU
		{8AF784E3-A2AB-4E4A-B21E-587115E8B1F2}.Debug|Any CPU.ActiveCfg = Debug|Any CPU
		{8AF784E3-A2AB-4E4A-B21E-587115E8B1F2}.Debug|Any CPU.Build.0 = Debug|Any CPU
		{8AF784E3-A2AB-4E4A-B21E-587115E8B1F2}.Debug|x64.ActiveCfg = Debug|x64
		{8AF784E3-A2AB-4E4A-B21E-587115E8B1F2}.Debug|x64.Build.0 = Debug|x64
		{8AF784E3-A2AB-4E4A-B21E-587115E8B1F2}.Debug|x86.ActiveCfg = Debug|Any CPU
		{8AF784E3-A2AB-4E4A-B21E-587115E8B1F2}.Debug|x86.Build.0 = Debug|Any CPU
		{8AF784E3-A2AB-4E4A-B21E-587115E8B1F2}.Release|Any CPU.ActiveCfg = Release|Any CPU
		{8AF784E3-A2AB-4E4A-B21E-587115E8B1F2}.Release|Any CPU.Build.0 = Release|Any CPU
		{8AF784E3-A2AB-4E4A-B21E-587115E8B1F2}.Release|x64.ActiveCfg = Release|x64
		{8AF784E3-A2AB-4E4A-B21E-587115E8B1F2}.Release|x64.Build.0 = Release|x64
		{8AF784E3-A2AB-4E4A-B21E-587115E8B1F2}.Release|x86.ActiveCfg = Release|Any CPU
		{8AF784E3-A2AB-4E4A-B21E-587115E8B1F2}.Release|x86.Build.0 = Release|Any CPU
		{1A4B9793-5E8E-4C30-9130-FC2813509E5C}.Debug|Any CPU.ActiveCfg = Debug|Any CPU
		{1A4B9793-5E8E-4C30-9130-FC2813509E5C}.Debug|Any CPU.Build.0 = Debug|Any CPU
		{1A4B9793-5E8E-4C30-9130-FC2813509E5C}.Debug|x64.ActiveCfg = Debug|x64
		{1A4B9793-5E8E-4C30-9130-FC2813509E5C}.Debug|x64.Build.0 = Debug|x64
		{1A4B9793-5E8E-4C30-9130-FC2813509E5C}.Debug|x86.ActiveCfg = Debug|Any CPU
		{1A4B9793-5E8E-4C30-9130-FC2813509E5C}.Debug|x86.Build.0 = Debug|Any CPU
		{1A4B9793-5E8E-4C30-9130-FC2813509E5C}.Release|Any CPU.ActiveCfg = Release|Any CPU
		{1A4B9793-5E8E-4C30-9130-FC2813509E5C}.Release|Any CPU.Build.0 = Release|Any CPU
		{1A4B9793-5E8E-4C30-9130-FC2813509E5C}.Release|x64.ActiveCfg = Release|x64
		{1A4B9793-5E8E-4C30-9130-FC2813509E5C}.Release|x64.Build.0 = Release|x64
		{1A4B9793-5E8E-4C30-9130-FC2813509E5C}.Release|x86.ActiveCfg = Release|Any CPU
		{1A4B9793-5E8E-4C30-9130-FC2813509E5C}.Release|x86.Build.0 = Release|Any CPU
		{72378425-C9DC-47B1-B326-7CB59391DEE6}.Debug|Any CPU.ActiveCfg = Debug|Any CPU
		{72378425-C9DC-47B1-B326-7CB59391DEE6}.Debug|Any CPU.Build.0 = Debug|Any CPU
		{72378425-C9DC-47B1-B326-7CB59391DEE6}.Debug|x64.ActiveCfg = Debug|x64
		{72378425-C9DC-47B1-B326-7CB59391DEE6}.Debug|x64.Build.0 = Debug|x64
		{72378425-C9DC-47B1-B326-7CB59391DEE6}.Debug|x86.ActiveCfg = Debug|Any CPU
		{72378425-C9DC-47B1-B326-7CB59391DEE6}.Debug|x86.Build.0 = Debug|Any CPU
		{72378425-C9DC-47B1-B326-7CB59391DEE6}.Release|Any CPU.ActiveCfg = Release|Any CPU
		{72378425-C9DC-47B1-B326-7CB59391DEE6}.Release|Any CPU.Build.0 = Release|Any CPU
		{72378425-C9DC-47B1-B326-7CB59391DEE6}.Release|x64.ActiveCfg = Release|x64
		{72378425-C9DC-47B1-B326-7CB59391DEE6}.Release|x64.Build.0 = Release|x64
		{72378425-C9DC-47B1-B326-7CB59391DEE6}.Release|x86.ActiveCfg = Release|Any CPU
		{72378425-C9DC-47B1-B326-7CB59391DEE6}.Release|x86.Build.0 = Release|Any CPU
		{4CB43746-BDE8-4E4D-852E-2DCF5BE191A8}.Debug|Any CPU.ActiveCfg = Debug|Any CPU
		{4CB43746-BDE8-4E4D-852E-2DCF5BE191A8}.Debug|Any CPU.Build.0 = Debug|Any CPU
		{4CB43746-BDE8-4E4D-852E-2DCF5BE191A8}.Debug|x64.ActiveCfg = Debug|x64
		{4CB43746-BDE8-4E4D-852E-2DCF5BE191A8}.Debug|x64.Build.0 = Debug|x64
		{4CB43746-BDE8-4E4D-852E-2DCF5BE191A8}.Debug|x86.ActiveCfg = Debug|Any CPU
		{4CB43746-BDE8-4E4D-852E-2DCF5BE191A8}.Debug|x86.Build.0 = Debug|Any CPU
		{4CB43746-BDE8-4E4D-852E-2DCF5BE191A8}.Release|Any CPU.ActiveCfg = Release|Any CPU
		{4CB43746-BDE8-4E4D-852E-2DCF5BE191A8}.Release|Any CPU.Build.0 = Release|Any CPU
		{4CB43746-BDE8-4E4D-852E-2DCF5BE191A8}.Release|x64.ActiveCfg = Release|x64
		{4CB43746-BDE8-4E4D-852E-2DCF5BE191A8}.Release|x64.Build.0 = Release|x64
		{4CB43746-BDE8-4E4D-852E-2DCF5BE191A8}.Release|x86.ActiveCfg = Release|Any CPU
		{4CB43746-BDE8-4E4D-852E-2DCF5BE191A8}.Release|x86.Build.0 = Release|Any CPU
		{EA30DBF6-D814-467D-8899-B80236628665}.Debug|Any CPU.ActiveCfg = Debug|Any CPU
		{EA30DBF6-D814-467D-8899-B80236628665}.Debug|Any CPU.Build.0 = Debug|Any CPU
		{EA30DBF6-D814-467D-8899-B80236628665}.Debug|x64.ActiveCfg = Debug|x64
		{EA30DBF6-D814-467D-8899-B80236628665}.Debug|x64.Build.0 = Debug|x64
		{EA30DBF6-D814-467D-8899-B80236628665}.Debug|x86.ActiveCfg = Debug|Any CPU
		{EA30DBF6-D814-467D-8899-B80236628665}.Debug|x86.Build.0 = Debug|Any CPU
		{EA30DBF6-D814-467D-8899-B80236628665}.Release|Any CPU.ActiveCfg = Release|Any CPU
		{EA30DBF6-D814-467D-8899-B80236628665}.Release|Any CPU.Build.0 = Release|Any CPU
		{EA30DBF6-D814-467D-8899-B80236628665}.Release|x64.ActiveCfg = Release|x64
		{EA30DBF6-D814-467D-8899-B80236628665}.Release|x64.Build.0 = Release|x64
		{EA30DBF6-D814-467D-8899-B80236628665}.Release|x86.ActiveCfg = Release|Any CPU
		{EA30DBF6-D814-467D-8899-B80236628665}.Release|x86.Build.0 = Release|Any CPU
		{836CB2B4-C2B9-41CD-8DC3-EF9B4F01BEF6}.Debug|Any CPU.ActiveCfg = Debug|Any CPU
		{836CB2B4-C2B9-41CD-8DC3-EF9B4F01BEF6}.Debug|Any CPU.Build.0 = Debug|Any CPU
		{836CB2B4-C2B9-41CD-8DC3-EF9B4F01BEF6}.Debug|x64.ActiveCfg = Debug|x64
		{836CB2B4-C2B9-41CD-8DC3-EF9B4F01BEF6}.Debug|x64.Build.0 = Debug|x64
		{836CB2B4-C2B9-41CD-8DC3-EF9B4F01BEF6}.Debug|x86.ActiveCfg = Debug|Any CPU
		{836CB2B4-C2B9-41CD-8DC3-EF9B4F01BEF6}.Debug|x86.Build.0 = Debug|Any CPU
		{836CB2B4-C2B9-41CD-8DC3-EF9B4F01BEF6}.Release|Any CPU.ActiveCfg = Release|Any CPU
		{836CB2B4-C2B9-41CD-8DC3-EF9B4F01BEF6}.Release|Any CPU.Build.0 = Release|Any CPU
		{836CB2B4-C2B9-41CD-8DC3-EF9B4F01BEF6}.Release|x64.ActiveCfg = Release|x64
		{836CB2B4-C2B9-41CD-8DC3-EF9B4F01BEF6}.Release|x64.Build.0 = Release|x64
		{836CB2B4-C2B9-41CD-8DC3-EF9B4F01BEF6}.Release|x86.ActiveCfg = Release|Any CPU
		{836CB2B4-C2B9-41CD-8DC3-EF9B4F01BEF6}.Release|x86.Build.0 = Release|Any CPU
		{01E9E105-97C1-4D12-8F6E-17EC415C8C0F}.Debug|Any CPU.ActiveCfg = Debug|Any CPU
		{01E9E105-97C1-4D12-8F6E-17EC415C8C0F}.Debug|Any CPU.Build.0 = Debug|Any CPU
		{01E9E105-97C1-4D12-8F6E-17EC415C8C0F}.Debug|x64.ActiveCfg = Debug|x64
		{01E9E105-97C1-4D12-8F6E-17EC415C8C0F}.Debug|x64.Build.0 = Debug|x64
		{01E9E105-97C1-4D12-8F6E-17EC415C8C0F}.Debug|x86.ActiveCfg = Debug|Any CPU
		{01E9E105-97C1-4D12-8F6E-17EC415C8C0F}.Debug|x86.Build.0 = Debug|Any CPU
		{01E9E105-97C1-4D12-8F6E-17EC415C8C0F}.Release|Any CPU.ActiveCfg = Release|Any CPU
		{01E9E105-97C1-4D12-8F6E-17EC415C8C0F}.Release|Any CPU.Build.0 = Release|Any CPU
		{01E9E105-97C1-4D12-8F6E-17EC415C8C0F}.Release|x64.ActiveCfg = Release|x64
		{01E9E105-97C1-4D12-8F6E-17EC415C8C0F}.Release|x64.Build.0 = Release|x64
		{01E9E105-97C1-4D12-8F6E-17EC415C8C0F}.Release|x86.ActiveCfg = Release|Any CPU
		{01E9E105-97C1-4D12-8F6E-17EC415C8C0F}.Release|x86.Build.0 = Release|Any CPU
		{2AA8A877-31E0-4675-B016-D77246F2ADBD}.Debug|Any CPU.ActiveCfg = Debug|Any CPU
		{2AA8A877-31E0-4675-B016-D77246F2ADBD}.Debug|Any CPU.Build.0 = Debug|Any CPU
		{2AA8A877-31E0-4675-B016-D77246F2ADBD}.Debug|x64.ActiveCfg = Debug|x64
		{2AA8A877-31E0-4675-B016-D77246F2ADBD}.Debug|x64.Build.0 = Debug|x64
		{2AA8A877-31E0-4675-B016-D77246F2ADBD}.Debug|x86.ActiveCfg = Debug|Any CPU
		{2AA8A877-31E0-4675-B016-D77246F2ADBD}.Debug|x86.Build.0 = Debug|Any CPU
		{2AA8A877-31E0-4675-B016-D77246F2ADBD}.Release|Any CPU.ActiveCfg = Release|Any CPU
		{2AA8A877-31E0-4675-B016-D77246F2ADBD}.Release|Any CPU.Build.0 = Release|Any CPU
		{2AA8A877-31E0-4675-B016-D77246F2ADBD}.Release|x64.ActiveCfg = Release|x64
		{2AA8A877-31E0-4675-B016-D77246F2ADBD}.Release|x64.Build.0 = Release|x64
		{2AA8A877-31E0-4675-B016-D77246F2ADBD}.Release|x86.ActiveCfg = Release|Any CPU
		{2AA8A877-31E0-4675-B016-D77246F2ADBD}.Release|x86.Build.0 = Release|Any CPU
		{2AA17FDE-E527-4578-8400-7463AC929208}.Debug|Any CPU.ActiveCfg = Debug|Any CPU
		{2AA17FDE-E527-4578-8400-7463AC929208}.Debug|Any CPU.Build.0 = Debug|Any CPU
		{2AA17FDE-E527-4578-8400-7463AC929208}.Debug|x64.ActiveCfg = Debug|x64
		{2AA17FDE-E527-4578-8400-7463AC929208}.Debug|x64.Build.0 = Debug|x64
		{2AA17FDE-E527-4578-8400-7463AC929208}.Debug|x86.ActiveCfg = Debug|Any CPU
		{2AA17FDE-E527-4578-8400-7463AC929208}.Debug|x86.Build.0 = Debug|Any CPU
		{2AA17FDE-E527-4578-8400-7463AC929208}.Release|Any CPU.ActiveCfg = Release|Any CPU
		{2AA17FDE-E527-4578-8400-7463AC929208}.Release|Any CPU.Build.0 = Release|Any CPU
		{2AA17FDE-E527-4578-8400-7463AC929208}.Release|x64.ActiveCfg = Release|x64
		{2AA17FDE-E527-4578-8400-7463AC929208}.Release|x64.Build.0 = Release|x64
		{2AA17FDE-E527-4578-8400-7463AC929208}.Release|x86.ActiveCfg = Release|Any CPU
		{2AA17FDE-E527-4578-8400-7463AC929208}.Release|x86.Build.0 = Release|Any CPU
		{4E7B058E-6AA9-4E63-AEFC-B8BC5C1C3A24}.Debug|Any CPU.ActiveCfg = Debug|Any CPU
		{4E7B058E-6AA9-4E63-AEFC-B8BC5C1C3A24}.Debug|Any CPU.Build.0 = Debug|Any CPU
		{4E7B058E-6AA9-4E63-AEFC-B8BC5C1C3A24}.Debug|x64.ActiveCfg = Debug|x64
		{4E7B058E-6AA9-4E63-AEFC-B8BC5C1C3A24}.Debug|x64.Build.0 = Debug|x64
		{4E7B058E-6AA9-4E63-AEFC-B8BC5C1C3A24}.Debug|x86.ActiveCfg = Debug|Any CPU
		{4E7B058E-6AA9-4E63-AEFC-B8BC5C1C3A24}.Debug|x86.Build.0 = Debug|Any CPU
		{4E7B058E-6AA9-4E63-AEFC-B8BC5C1C3A24}.Release|Any CPU.ActiveCfg = Release|Any CPU
		{4E7B058E-6AA9-4E63-AEFC-B8BC5C1C3A24}.Release|Any CPU.Build.0 = Release|Any CPU
		{4E7B058E-6AA9-4E63-AEFC-B8BC5C1C3A24}.Release|x64.ActiveCfg = Release|x64
		{4E7B058E-6AA9-4E63-AEFC-B8BC5C1C3A24}.Release|x64.Build.0 = Release|x64
		{4E7B058E-6AA9-4E63-AEFC-B8BC5C1C3A24}.Release|x86.ActiveCfg = Release|Any CPU
		{4E7B058E-6AA9-4E63-AEFC-B8BC5C1C3A24}.Release|x86.Build.0 = Release|Any CPU
		{5080A03B-61BB-4519-A18A-984FE20A0C62}.Debug|Any CPU.ActiveCfg = Debug|Any CPU
		{5080A03B-61BB-4519-A18A-984FE20A0C62}.Debug|Any CPU.Build.0 = Debug|Any CPU
		{5080A03B-61BB-4519-A18A-984FE20A0C62}.Debug|x64.ActiveCfg = Debug|x64
		{5080A03B-61BB-4519-A18A-984FE20A0C62}.Debug|x64.Build.0 = Debug|x64
		{5080A03B-61BB-4519-A18A-984FE20A0C62}.Debug|x86.ActiveCfg = Debug|Any CPU
		{5080A03B-61BB-4519-A18A-984FE20A0C62}.Debug|x86.Build.0 = Debug|Any CPU
		{5080A03B-61BB-4519-A18A-984FE20A0C62}.Release|Any CPU.ActiveCfg = Release|Any CPU
		{5080A03B-61BB-4519-A18A-984FE20A0C62}.Release|Any CPU.Build.0 = Release|Any CPU
		{5080A03B-61BB-4519-A18A-984FE20A0C62}.Release|x64.ActiveCfg = Release|x64
		{5080A03B-61BB-4519-A18A-984FE20A0C62}.Release|x64.Build.0 = Release|x64
		{5080A03B-61BB-4519-A18A-984FE20A0C62}.Release|x86.ActiveCfg = Release|Any CPU
		{5080A03B-61BB-4519-A18A-984FE20A0C62}.Release|x86.Build.0 = Release|Any CPU
		{70ECF1FA-B676-4203-9D17-EF2559A7FD95}.Debug|Any CPU.ActiveCfg = Debug|Any CPU
		{70ECF1FA-B676-4203-9D17-EF2559A7FD95}.Debug|Any CPU.Build.0 = Debug|Any CPU
		{70ECF1FA-B676-4203-9D17-EF2559A7FD95}.Debug|x64.ActiveCfg = Debug|x64
		{70ECF1FA-B676-4203-9D17-EF2559A7FD95}.Debug|x64.Build.0 = Debug|x64
		{70ECF1FA-B676-4203-9D17-EF2559A7FD95}.Debug|x86.ActiveCfg = Debug|Any CPU
		{70ECF1FA-B676-4203-9D17-EF2559A7FD95}.Debug|x86.Build.0 = Debug|Any CPU
		{70ECF1FA-B676-4203-9D17-EF2559A7FD95}.Release|Any CPU.ActiveCfg = Release|Any CPU
		{70ECF1FA-B676-4203-9D17-EF2559A7FD95}.Release|Any CPU.Build.0 = Release|Any CPU
		{70ECF1FA-B676-4203-9D17-EF2559A7FD95}.Release|x64.ActiveCfg = Release|x64
		{70ECF1FA-B676-4203-9D17-EF2559A7FD95}.Release|x64.Build.0 = Release|x64
		{70ECF1FA-B676-4203-9D17-EF2559A7FD95}.Release|x86.ActiveCfg = Release|Any CPU
		{70ECF1FA-B676-4203-9D17-EF2559A7FD95}.Release|x86.Build.0 = Release|Any CPU
		{01716CE0-1F3F-4193-8DAE-46C1AB3DB024}.Debug|Any CPU.ActiveCfg = Debug|Any CPU
		{01716CE0-1F3F-4193-8DAE-46C1AB3DB024}.Debug|Any CPU.Build.0 = Debug|Any CPU
		{01716CE0-1F3F-4193-8DAE-46C1AB3DB024}.Debug|x64.ActiveCfg = Debug|x64
		{01716CE0-1F3F-4193-8DAE-46C1AB3DB024}.Debug|x64.Build.0 = Debug|x64
		{01716CE0-1F3F-4193-8DAE-46C1AB3DB024}.Debug|x86.ActiveCfg = Debug|Any CPU
		{01716CE0-1F3F-4193-8DAE-46C1AB3DB024}.Debug|x86.Build.0 = Debug|Any CPU
		{01716CE0-1F3F-4193-8DAE-46C1AB3DB024}.Release|Any CPU.ActiveCfg = Release|Any CPU
		{01716CE0-1F3F-4193-8DAE-46C1AB3DB024}.Release|Any CPU.Build.0 = Release|Any CPU
		{01716CE0-1F3F-4193-8DAE-46C1AB3DB024}.Release|x64.ActiveCfg = Release|x64
		{01716CE0-1F3F-4193-8DAE-46C1AB3DB024}.Release|x64.Build.0 = Release|x64
		{01716CE0-1F3F-4193-8DAE-46C1AB3DB024}.Release|x86.ActiveCfg = Release|Any CPU
		{01716CE0-1F3F-4193-8DAE-46C1AB3DB024}.Release|x86.Build.0 = Release|Any CPU
		{D3D4D5AB-5542-4246-822F-36BFCC2BE71A}.Debug|Any CPU.ActiveCfg = Debug|Any CPU
		{D3D4D5AB-5542-4246-822F-36BFCC2BE71A}.Debug|Any CPU.Build.0 = Debug|Any CPU
		{D3D4D5AB-5542-4246-822F-36BFCC2BE71A}.Debug|x64.ActiveCfg = Debug|x64
		{D3D4D5AB-5542-4246-822F-36BFCC2BE71A}.Debug|x64.Build.0 = Debug|x64
		{D3D4D5AB-5542-4246-822F-36BFCC2BE71A}.Debug|x86.ActiveCfg = Debug|Any CPU
		{D3D4D5AB-5542-4246-822F-36BFCC2BE71A}.Debug|x86.Build.0 = Debug|Any CPU
		{D3D4D5AB-5542-4246-822F-36BFCC2BE71A}.Release|Any CPU.ActiveCfg = Release|Any CPU
		{D3D4D5AB-5542-4246-822F-36BFCC2BE71A}.Release|Any CPU.Build.0 = Release|Any CPU
		{D3D4D5AB-5542-4246-822F-36BFCC2BE71A}.Release|x64.ActiveCfg = Release|x64
		{D3D4D5AB-5542-4246-822F-36BFCC2BE71A}.Release|x64.Build.0 = Release|x64
		{D3D4D5AB-5542-4246-822F-36BFCC2BE71A}.Release|x86.ActiveCfg = Release|Any CPU
		{D3D4D5AB-5542-4246-822F-36BFCC2BE71A}.Release|x86.Build.0 = Release|Any CPU
		{ED808460-411B-477B-8202-61B4DC31A104}.Debug|Any CPU.ActiveCfg = Debug|Any CPU
		{ED808460-411B-477B-8202-61B4DC31A104}.Debug|Any CPU.Build.0 = Debug|Any CPU
		{ED808460-411B-477B-8202-61B4DC31A104}.Debug|x64.ActiveCfg = Debug|Any CPU
		{ED808460-411B-477B-8202-61B4DC31A104}.Debug|x64.Build.0 = Debug|Any CPU
		{ED808460-411B-477B-8202-61B4DC31A104}.Debug|x86.ActiveCfg = Debug|Any CPU
		{ED808460-411B-477B-8202-61B4DC31A104}.Debug|x86.Build.0 = Debug|Any CPU
		{ED808460-411B-477B-8202-61B4DC31A104}.Release|Any CPU.ActiveCfg = Release|Any CPU
		{ED808460-411B-477B-8202-61B4DC31A104}.Release|Any CPU.Build.0 = Release|Any CPU
		{ED808460-411B-477B-8202-61B4DC31A104}.Release|x64.ActiveCfg = Release|Any CPU
		{ED808460-411B-477B-8202-61B4DC31A104}.Release|x64.Build.0 = Release|Any CPU
		{ED808460-411B-477B-8202-61B4DC31A104}.Release|x86.ActiveCfg = Release|Any CPU
		{ED808460-411B-477B-8202-61B4DC31A104}.Release|x86.Build.0 = Release|Any CPU
		{F0C69513-553D-47D1-8440-C76CFCDC8FC6}.Debug|Any CPU.ActiveCfg = Debug|Any CPU
		{F0C69513-553D-47D1-8440-C76CFCDC8FC6}.Debug|Any CPU.Build.0 = Debug|Any CPU
		{F0C69513-553D-47D1-8440-C76CFCDC8FC6}.Debug|x64.ActiveCfg = Debug|Any CPU
		{F0C69513-553D-47D1-8440-C76CFCDC8FC6}.Debug|x64.Build.0 = Debug|Any CPU
		{F0C69513-553D-47D1-8440-C76CFCDC8FC6}.Debug|x86.ActiveCfg = Debug|Any CPU
		{F0C69513-553D-47D1-8440-C76CFCDC8FC6}.Debug|x86.Build.0 = Debug|Any CPU
		{F0C69513-553D-47D1-8440-C76CFCDC8FC6}.Release|Any CPU.ActiveCfg = Release|Any CPU
		{F0C69513-553D-47D1-8440-C76CFCDC8FC6}.Release|Any CPU.Build.0 = Release|Any CPU
		{F0C69513-553D-47D1-8440-C76CFCDC8FC6}.Release|x64.ActiveCfg = Release|Any CPU
		{F0C69513-553D-47D1-8440-C76CFCDC8FC6}.Release|x64.Build.0 = Release|Any CPU
		{F0C69513-553D-47D1-8440-C76CFCDC8FC6}.Release|x86.ActiveCfg = Release|Any CPU
		{F0C69513-553D-47D1-8440-C76CFCDC8FC6}.Release|x86.Build.0 = Release|Any CPU
		{9DA45E22-9800-4DC3-9849-D17E430B8BF3}.Debug|Any CPU.ActiveCfg = Debug|Any CPU
		{9DA45E22-9800-4DC3-9849-D17E430B8BF3}.Debug|Any CPU.Build.0 = Debug|Any CPU
		{9DA45E22-9800-4DC3-9849-D17E430B8BF3}.Debug|x64.ActiveCfg = Debug|Any CPU
		{9DA45E22-9800-4DC3-9849-D17E430B8BF3}.Debug|x64.Build.0 = Debug|Any CPU
		{9DA45E22-9800-4DC3-9849-D17E430B8BF3}.Debug|x86.ActiveCfg = Debug|Any CPU
		{9DA45E22-9800-4DC3-9849-D17E430B8BF3}.Debug|x86.Build.0 = Debug|Any CPU
		{9DA45E22-9800-4DC3-9849-D17E430B8BF3}.Release|Any CPU.ActiveCfg = Release|Any CPU
		{9DA45E22-9800-4DC3-9849-D17E430B8BF3}.Release|Any CPU.Build.0 = Release|Any CPU
		{9DA45E22-9800-4DC3-9849-D17E430B8BF3}.Release|x64.ActiveCfg = Release|Any CPU
		{9DA45E22-9800-4DC3-9849-D17E430B8BF3}.Release|x64.Build.0 = Release|Any CPU
		{9DA45E22-9800-4DC3-9849-D17E430B8BF3}.Release|x86.ActiveCfg = Release|Any CPU
		{9DA45E22-9800-4DC3-9849-D17E430B8BF3}.Release|x86.Build.0 = Release|Any CPU
		{8997C196-BC5E-4D8C-9460-29FEE410FB8C}.Debug|Any CPU.ActiveCfg = Debug|Any CPU
		{8997C196-BC5E-4D8C-9460-29FEE410FB8C}.Debug|Any CPU.Build.0 = Debug|Any CPU
		{8997C196-BC5E-4D8C-9460-29FEE410FB8C}.Debug|x64.ActiveCfg = Debug|Any CPU
		{8997C196-BC5E-4D8C-9460-29FEE410FB8C}.Debug|x64.Build.0 = Debug|Any CPU
		{8997C196-BC5E-4D8C-9460-29FEE410FB8C}.Debug|x86.ActiveCfg = Debug|Any CPU
		{8997C196-BC5E-4D8C-9460-29FEE410FB8C}.Debug|x86.Build.0 = Debug|Any CPU
		{8997C196-BC5E-4D8C-9460-29FEE410FB8C}.Release|Any CPU.ActiveCfg = Release|Any CPU
		{8997C196-BC5E-4D8C-9460-29FEE410FB8C}.Release|Any CPU.Build.0 = Release|Any CPU
		{8997C196-BC5E-4D8C-9460-29FEE410FB8C}.Release|x64.ActiveCfg = Release|Any CPU
		{8997C196-BC5E-4D8C-9460-29FEE410FB8C}.Release|x64.Build.0 = Release|Any CPU
		{8997C196-BC5E-4D8C-9460-29FEE410FB8C}.Release|x86.ActiveCfg = Release|Any CPU
		{8997C196-BC5E-4D8C-9460-29FEE410FB8C}.Release|x86.Build.0 = Release|Any CPU
		{6DA202C1-5A96-4816-93B5-BD36F04E5C0D}.Debug|Any CPU.ActiveCfg = Debug|Any CPU
		{6DA202C1-5A96-4816-93B5-BD36F04E5C0D}.Debug|Any CPU.Build.0 = Debug|Any CPU
		{6DA202C1-5A96-4816-93B5-BD36F04E5C0D}.Debug|x64.ActiveCfg = Debug|Any CPU
		{6DA202C1-5A96-4816-93B5-BD36F04E5C0D}.Debug|x64.Build.0 = Debug|Any CPU
		{6DA202C1-5A96-4816-93B5-BD36F04E5C0D}.Debug|x86.ActiveCfg = Debug|Any CPU
		{6DA202C1-5A96-4816-93B5-BD36F04E5C0D}.Debug|x86.Build.0 = Debug|Any CPU
		{6DA202C1-5A96-4816-93B5-BD36F04E5C0D}.Release|Any CPU.ActiveCfg = Release|Any CPU
		{6DA202C1-5A96-4816-93B5-BD36F04E5C0D}.Release|Any CPU.Build.0 = Release|Any CPU
		{6DA202C1-5A96-4816-93B5-BD36F04E5C0D}.Release|x64.ActiveCfg = Release|Any CPU
		{6DA202C1-5A96-4816-93B5-BD36F04E5C0D}.Release|x64.Build.0 = Release|Any CPU
		{6DA202C1-5A96-4816-93B5-BD36F04E5C0D}.Release|x86.ActiveCfg = Release|Any CPU
		{6DA202C1-5A96-4816-93B5-BD36F04E5C0D}.Release|x86.Build.0 = Release|Any CPU
		{662ADE97-2F73-4939-8CDE-57908C58F6A8}.Debug|Any CPU.ActiveCfg = Debug|Any CPU
		{662ADE97-2F73-4939-8CDE-57908C58F6A8}.Debug|Any CPU.Build.0 = Debug|Any CPU
		{662ADE97-2F73-4939-8CDE-57908C58F6A8}.Debug|x64.ActiveCfg = Debug|Any CPU
		{662ADE97-2F73-4939-8CDE-57908C58F6A8}.Debug|x64.Build.0 = Debug|Any CPU
		{662ADE97-2F73-4939-8CDE-57908C58F6A8}.Debug|x86.ActiveCfg = Debug|Any CPU
		{662ADE97-2F73-4939-8CDE-57908C58F6A8}.Debug|x86.Build.0 = Debug|Any CPU
		{662ADE97-2F73-4939-8CDE-57908C58F6A8}.Release|Any CPU.ActiveCfg = Release|Any CPU
		{662ADE97-2F73-4939-8CDE-57908C58F6A8}.Release|Any CPU.Build.0 = Release|Any CPU
		{662ADE97-2F73-4939-8CDE-57908C58F6A8}.Release|x64.ActiveCfg = Release|Any CPU
		{662ADE97-2F73-4939-8CDE-57908C58F6A8}.Release|x64.Build.0 = Release|Any CPU
		{662ADE97-2F73-4939-8CDE-57908C58F6A8}.Release|x86.ActiveCfg = Release|Any CPU
		{662ADE97-2F73-4939-8CDE-57908C58F6A8}.Release|x86.Build.0 = Release|Any CPU
	EndGlobalSection
	GlobalSection(SolutionProperties) = preSolution
		HideSolutionNode = FALSE
	EndGlobalSection
	GlobalSection(NestedProjects) = preSolution
		{6846A9D3-07A7-4B19-B706-F5EB382FF4F5} = {0D2AC66C-2C80-433A-8DCB-BA7F8FF2EFC1}
		{98AF314D-A45D-4F5B-A860-7347612D0F73} = {0D2AC66C-2C80-433A-8DCB-BA7F8FF2EFC1}
		{F3B8434F-D634-4BE4-818F-9D2036C5BA03} = {0D2AC66C-2C80-433A-8DCB-BA7F8FF2EFC1}
		{5D1F95D9-B6A4-4F15-827B-6F5EE6670CDA} = {A0215CCD-AB88-438D-B2EA-29865E859614}
		{8AF784E3-A2AB-4E4A-B21E-587115E8B1F2} = {79055E80-95B5-4551-958D-FF9967C9220F}
		{1A4B9793-5E8E-4C30-9130-FC2813509E5C} = {79055E80-95B5-4551-958D-FF9967C9220F}
		{72378425-C9DC-47B1-B326-7CB59391DEE6} = {79055E80-95B5-4551-958D-FF9967C9220F}
		{4CB43746-BDE8-4E4D-852E-2DCF5BE191A8} = {79055E80-95B5-4551-958D-FF9967C9220F}
		{EA30DBF6-D814-467D-8899-B80236628665} = {79055E80-95B5-4551-958D-FF9967C9220F}
		{836CB2B4-C2B9-41CD-8DC3-EF9B4F01BEF6} = {79055E80-95B5-4551-958D-FF9967C9220F}
		{01E9E105-97C1-4D12-8F6E-17EC415C8C0F} = {79055E80-95B5-4551-958D-FF9967C9220F}
		{2AA8A877-31E0-4675-B016-D77246F2ADBD} = {27A587A5-DF14-4DDB-BFA2-BC0308F7F6C7}
		{2AA17FDE-E527-4578-8400-7463AC929208} = {27A587A5-DF14-4DDB-BFA2-BC0308F7F6C7}
		{5080A03B-61BB-4519-A18A-984FE20A0C62} = {27A587A5-DF14-4DDB-BFA2-BC0308F7F6C7}
		{ED808460-411B-477B-8202-61B4DC31A104} = {79055E80-95B5-4551-958D-FF9967C9220F}
		{F0C69513-553D-47D1-8440-C76CFCDC8FC6} = {CDE55C93-AAC8-4D9E-B5DE-E4E0A416E402}
		{9DA45E22-9800-4DC3-9849-D17E430B8BF3} = {D8875C4C-89E6-4001-A3A2-29CB5943EDB1}
		{8997C196-BC5E-4D8C-9460-29FEE410FB8C} = {D8875C4C-89E6-4001-A3A2-29CB5943EDB1}
	EndGlobalSection
	GlobalSection(ExtensibilityGlobals) = postSolution
		SolutionGuid = {74FAA4BD-8BDD-4E5D-9D5E-8AC601EBDCF1}
	EndGlobalSection
EndGlobal
